
Microsoft Visual Studio Solution File, Format Version 12.00
# Visual Studio Version 17
VisualStudioVersion = 17.7.34221.43
MinimumVisualStudioVersion = 10.0.40219.1
Project("{9A19103F-16F7-4668-BE54-9A1E7A4F7556}") = "Interacao", "Sistema-de-Reservas-para-Hoteis\Interacao.csproj", "{3E9699C6-0885-4CB9-84E9-0DB93436F7BC}"
EndProject
Project("{9A19103F-16F7-4668-BE54-9A1E7A4F7556}") = "Dominio", "Dominio\Dominio.csproj", "{43126897-4C88-4C55-9ECC-9847801B7F8D}"
EndProject
Project("{9A19103F-16F7-4668-BE54-9A1E7A4F7556}") = "Infraestrutura", "Infraestrutura\Infraestrutura.csproj", "{78F32E19-A6FD-4407-ABFE-1FF3BAACA66A}"
EndProject
Global
	GlobalSection(SolutionConfigurationPlatforms) = preSolution
		Debug|Any CPU = Debug|Any CPU
		Release|Any CPU = Release|Any CPU
	EndGlobalSection
	GlobalSection(ProjectConfigurationPlatforms) = postSolution
		{3E9699C6-0885-4CB9-84E9-0DB93436F7BC}.Debug|Any CPU.ActiveCfg = Debug|Any CPU
		{3E9699C6-0885-4CB9-84E9-0DB93436F7BC}.Debug|Any CPU.Build.0 = Debug|Any CPU
		{3E9699C6-0885-4CB9-84E9-0DB93436F7BC}.Release|Any CPU.ActiveCfg = Release|Any CPU
		{3E9699C6-0885-4CB9-84E9-0DB93436F7BC}.Release|Any CPU.Build.0 = Release|Any CPU
		{43126897-4C88-4C55-9ECC-9847801B7F8D}.Debug|Any CPU.ActiveCfg = Debug|Any CPU
		{43126897-4C88-4C55-9ECC-9847801B7F8D}.Debug|Any CPU.Build.0 = Debug|Any CPU
		{43126897-4C88-4C55-9ECC-9847801B7F8D}.Release|Any CPU.ActiveCfg = Release|Any CPU
		{43126897-4C88-4C55-9ECC-9847801B7F8D}.Release|Any CPU.Build.0 = Release|Any CPU
		{78F32E19-A6FD-4407-ABFE-1FF3BAACA66A}.Debug|Any CPU.ActiveCfg = Debug|Any CPU
		{78F32E19-A6FD-4407-ABFE-1FF3BAACA66A}.Debug|Any CPU.Build.0 = Debug|Any CPU
		{78F32E19-A6FD-4407-ABFE-1FF3BAACA66A}.Release|Any CPU.ActiveCfg = Release|Any CPU
		{78F32E19-A6FD-4407-ABFE-1FF3BAACA66A}.Release|Any CPU.Build.0 = Release|Any CPU
	EndGlobalSection
	GlobalSection(SolutionProperties) = preSolution
		HideSolutionNode = FALSE
	EndGlobalSection
	GlobalSection(ExtensibilityGlobals) = postSolution
		SolutionGuid = {005D8520-9EF1-4638-A239-A3BF3488F0E4}
	EndGlobalSection
EndGlobal
