
Microsoft Visual Studio Solution File, Format Version 12.00
# Visual Studio Version 17
VisualStudioVersion = 17.5.002.0
MinimumVisualStudioVersion = 10.0.40219.1
Project("{9A19103F-16F7-4668-BE54-9A1E7A4F7556}") = "InteracaoUsuarioSAPUI5", "InteracaoUsuarioSAPUI5.csproj", "{DBFC35E0-6F17-4AF7-B1A7-46CC7F3DA311}"
EndProject
Global
	GlobalSection(SolutionConfigurationPlatforms) = preSolution
		Debug|Any CPU = Debug|Any CPU
		Release|Any CPU = Release|Any CPU
	EndGlobalSection
	GlobalSection(ProjectConfigurationPlatforms) = postSolution
		{DBFC35E0-6F17-4AF7-B1A7-46CC7F3DA311}.Debug|Any CPU.ActiveCfg = Debug|Any CPU
		{DBFC35E0-6F17-4AF7-B1A7-46CC7F3DA311}.Debug|Any CPU.Build.0 = Debug|Any CPU
		{DBFC35E0-6F17-4AF7-B1A7-46CC7F3DA311}.Release|Any CPU.ActiveCfg = Release|Any CPU
		{DBFC35E0-6F17-4AF7-B1A7-46CC7F3DA311}.Release|Any CPU.Build.0 = Release|Any CPU
	EndGlobalSection
	GlobalSection(SolutionProperties) = preSolution
		HideSolutionNode = FALSE
	EndGlobalSection
	GlobalSection(ExtensibilityGlobals) = postSolution
		SolutionGuid = {790F0FBA-3576-4467-8DE6-C689B171E510}
	EndGlobalSection
EndGlobal
